
Microsoft Visual Studio Solution File, Format Version 12.00
# Visual Studio Version 16
VisualStudioVersion = 16.0.31129.286
MinimumVisualStudioVersion = 10.0.40219.1
Project("{FAE04EC0-301F-11D3-BF4B-00C04F79EFBC}") = "WPF Recycling sem2", "WPF Recycling sem2\WPF Recycling sem2.csproj", "{FF6E1C84-D494-458B-ACF2-75E8863423F7}"
EndProject
Global
	GlobalSection(SolutionConfigurationPlatforms) = preSolution
		Debug|Any CPU = Debug|Any CPU
		Release|Any CPU = Release|Any CPU
	EndGlobalSection
	GlobalSection(ProjectConfigurationPlatforms) = postSolution
		{FF6E1C84-D494-458B-ACF2-75E8863423F7}.Debug|Any CPU.ActiveCfg = Debug|Any CPU
		{FF6E1C84-D494-458B-ACF2-75E8863423F7}.Debug|Any CPU.Build.0 = Debug|Any CPU
		{FF6E1C84-D494-458B-ACF2-75E8863423F7}.Release|Any CPU.ActiveCfg = Release|Any CPU
		{FF6E1C84-D494-458B-ACF2-75E8863423F7}.Release|Any CPU.Build.0 = Release|Any CPU
	EndGlobalSection
	GlobalSection(SolutionProperties) = preSolution
		HideSolutionNode = FALSE
	EndGlobalSection
	GlobalSection(ExtensibilityGlobals) = postSolution
		SolutionGuid = {1692D14F-FA6A-4D2A-B813-CAAD9AE5F325}
	EndGlobalSection
EndGlobal
